
Microsoft Visual Studio Solution File, Format Version 12.00
# Visual Studio Version 16
VisualStudioVersion = 16.0.29025.244
MinimumVisualStudioVersion = 10.0.40219.1
Project("{2150E333-8FDC-42A3-9474-1A3956D46DE8}") = "src", "src", "{02D13C9F-B779-40CB-AB54-DB7D5DA528AF}"
EndProject
Project("{2150E333-8FDC-42A3-9474-1A3956D46DE8}") = "services", "services", "{EF133625-75E1-4B9C-AFD0-08AE2A1233D0}"
EndProject
Project("{2150E333-8FDC-42A3-9474-1A3956D46DE8}") = "Ordering", "Ordering", "{21D91EF9-F3FE-44D3-A5F0-7FCA22D2C775}"
EndProject
Project("{2150E333-8FDC-42A3-9474-1A3956D46DE8}") = "Payment", "Payment", "{E9735DDA-D3D4-43DF-AF0F-B09E496610C8}"
EndProject
Project("{9A19103F-16F7-4668-BE54-9A1E7A4F7556}") = "Ordering.API", "Ordering.API\Ordering.API.csproj", "{1C39B730-B830-45CA-9D31-99B8D6F922F1}"
EndProject
Project("{2150E333-8FDC-42A3-9474-1A3956D46DE8}") = "DataContracts", "DataContracts", "{3713D518-A197-44FC-A18D-D7DB14970225}"
EndProject
Project("{9A19103F-16F7-4668-BE54-9A1E7A4F7556}") = "GeekBurger.Payment.Contract", "GeekBurger.Payment.Contract\GeekBurger.Payment.Contract.csproj", "{F9279AC9-5B4E-4597-9E7C-269A5D86AB57}"
EndProject
Project("{9A19103F-16F7-4668-BE54-9A1E7A4F7556}") = "Payment.Domain", "Payment.Domain\Payment.Domain.csproj", "{65384E47-AEDA-4700-AE7B-01F90B701344}"
EndProject
Project("{9A19103F-16F7-4668-BE54-9A1E7A4F7556}") = "Payment.Infrastructure", "Payment.Infrastructure\Payment.Infrastructure.csproj", "{1A00AB4E-00B4-47E6-B4A6-476700885FD8}"
EndProject
Project("{2150E333-8FDC-42A3-9474-1A3956D46DE8}") = "BuildingBlocks", "BuildingBlocks", "{690A07E2-4D6D-4236-9904-77380F5CE03B}"
EndProject
Project("{2150E333-8FDC-42A3-9474-1A3956D46DE8}") = "Bus", "Bus", "{9347B76A-D9FA-459D-8DD2-09E500C667A4}"
EndProject
Project("{9A19103F-16F7-4668-BE54-9A1E7A4F7556}") = "EventBus", "EventBus\EventBus.csproj", "{92C3D3D0-E61A-47A4-B055-11219A74B248}"
EndProject
Project("{2150E333-8FDC-42A3-9474-1A3956D46DE8}") = "test", "test", "{1150594F-D027-4561-8561-B8E056BEE79B}"
EndProject
Project("{9A19103F-16F7-4668-BE54-9A1E7A4F7556}") = "ConsoleAppTestTopic", "ConsoleAppTestTopic\ConsoleAppTestTopic.csproj", "{C319D610-DB9A-41ED-930D-25AD89813042}"
EndProject
Project("{9A19103F-16F7-4668-BE54-9A1E7A4F7556}") = "ConsoleAppTestSubscribeTopic", "ConsoleAppTestSubscribeTopic\ConsoleAppTestSubscribeTopic.csproj", "{2F387287-B124-4B05-90BE-9FD1CC7836EC}"
EndProject
Project("{9A19103F-16F7-4668-BE54-9A1E7A4F7556}") = "ServiceBus", "ServiceBus\ServiceBus.csproj", "{75F88F41-05CD-4319-A896-F8A9091DBC69}"
EndProject
Project("{9A19103F-16F7-4668-BE54-9A1E7A4F7556}") = "Ordering.API.BackgroundTasks", "Ordering.API.BackgroundTasks\Ordering.API.BackgroundTasks.csproj", "{DB04CF16-9CE3-4299-A9D2-658B5D38E031}"
EndProject
Project("{FAE04EC0-301F-11D3-BF4B-00C04F79EFBC}") = "PaymentV2.API", "PaymentV2.API\PaymentV2.API.csproj", "{58886D78-0D60-486F-9041-54627EB15DBD}"
EndProject
Global
	GlobalSection(SolutionConfigurationPlatforms) = preSolution
		Debug|Any CPU = Debug|Any CPU
		Release|Any CPU = Release|Any CPU
	EndGlobalSection
	GlobalSection(ProjectConfigurationPlatforms) = postSolution
		{1C39B730-B830-45CA-9D31-99B8D6F922F1}.Debug|Any CPU.ActiveCfg = Debug|Any CPU
		{1C39B730-B830-45CA-9D31-99B8D6F922F1}.Debug|Any CPU.Build.0 = Debug|Any CPU
		{1C39B730-B830-45CA-9D31-99B8D6F922F1}.Release|Any CPU.ActiveCfg = Release|Any CPU
		{1C39B730-B830-45CA-9D31-99B8D6F922F1}.Release|Any CPU.Build.0 = Release|Any CPU
		{F9279AC9-5B4E-4597-9E7C-269A5D86AB57}.Debug|Any CPU.ActiveCfg = Debug|Any CPU
		{F9279AC9-5B4E-4597-9E7C-269A5D86AB57}.Debug|Any CPU.Build.0 = Debug|Any CPU
		{F9279AC9-5B4E-4597-9E7C-269A5D86AB57}.Release|Any CPU.ActiveCfg = Release|Any CPU
		{F9279AC9-5B4E-4597-9E7C-269A5D86AB57}.Release|Any CPU.Build.0 = Release|Any CPU
		{65384E47-AEDA-4700-AE7B-01F90B701344}.Debug|Any CPU.ActiveCfg = Debug|Any CPU
		{65384E47-AEDA-4700-AE7B-01F90B701344}.Debug|Any CPU.Build.0 = Debug|Any CPU
		{65384E47-AEDA-4700-AE7B-01F90B701344}.Release|Any CPU.ActiveCfg = Release|Any CPU
		{65384E47-AEDA-4700-AE7B-01F90B701344}.Release|Any CPU.Build.0 = Release|Any CPU
		{1A00AB4E-00B4-47E6-B4A6-476700885FD8}.Debug|Any CPU.ActiveCfg = Debug|Any CPU
		{1A00AB4E-00B4-47E6-B4A6-476700885FD8}.Debug|Any CPU.Build.0 = Debug|Any CPU
		{1A00AB4E-00B4-47E6-B4A6-476700885FD8}.Release|Any CPU.ActiveCfg = Release|Any CPU
		{1A00AB4E-00B4-47E6-B4A6-476700885FD8}.Release|Any CPU.Build.0 = Release|Any CPU
		{92C3D3D0-E61A-47A4-B055-11219A74B248}.Debug|Any CPU.ActiveCfg = Debug|Any CPU
		{92C3D3D0-E61A-47A4-B055-11219A74B248}.Debug|Any CPU.Build.0 = Debug|Any CPU
		{92C3D3D0-E61A-47A4-B055-11219A74B248}.Release|Any CPU.ActiveCfg = Release|Any CPU
		{92C3D3D0-E61A-47A4-B055-11219A74B248}.Release|Any CPU.Build.0 = Release|Any CPU
		{C319D610-DB9A-41ED-930D-25AD89813042}.Debug|Any CPU.ActiveCfg = Debug|Any CPU
		{C319D610-DB9A-41ED-930D-25AD89813042}.Debug|Any CPU.Build.0 = Debug|Any CPU
		{C319D610-DB9A-41ED-930D-25AD89813042}.Release|Any CPU.ActiveCfg = Release|Any CPU
		{C319D610-DB9A-41ED-930D-25AD89813042}.Release|Any CPU.Build.0 = Release|Any CPU
		{2F387287-B124-4B05-90BE-9FD1CC7836EC}.Debug|Any CPU.ActiveCfg = Debug|Any CPU
		{2F387287-B124-4B05-90BE-9FD1CC7836EC}.Debug|Any CPU.Build.0 = Debug|Any CPU
		{2F387287-B124-4B05-90BE-9FD1CC7836EC}.Release|Any CPU.ActiveCfg = Release|Any CPU
		{2F387287-B124-4B05-90BE-9FD1CC7836EC}.Release|Any CPU.Build.0 = Release|Any CPU
		{75F88F41-05CD-4319-A896-F8A9091DBC69}.Debug|Any CPU.ActiveCfg = Debug|Any CPU
		{75F88F41-05CD-4319-A896-F8A9091DBC69}.Debug|Any CPU.Build.0 = Debug|Any CPU
		{75F88F41-05CD-4319-A896-F8A9091DBC69}.Release|Any CPU.ActiveCfg = Release|Any CPU
		{75F88F41-05CD-4319-A896-F8A9091DBC69}.Release|Any CPU.Build.0 = Release|Any CPU
		{DB04CF16-9CE3-4299-A9D2-658B5D38E031}.Debug|Any CPU.ActiveCfg = Debug|Any CPU
		{DB04CF16-9CE3-4299-A9D2-658B5D38E031}.Debug|Any CPU.Build.0 = Debug|Any CPU
		{DB04CF16-9CE3-4299-A9D2-658B5D38E031}.Release|Any CPU.ActiveCfg = Release|Any CPU
		{DB04CF16-9CE3-4299-A9D2-658B5D38E031}.Release|Any CPU.Build.0 = Release|Any CPU
		{58886D78-0D60-486F-9041-54627EB15DBD}.Debug|Any CPU.ActiveCfg = Debug|Any CPU
		{58886D78-0D60-486F-9041-54627EB15DBD}.Debug|Any CPU.Build.0 = Debug|Any CPU
		{58886D78-0D60-486F-9041-54627EB15DBD}.Release|Any CPU.ActiveCfg = Release|Any CPU
		{58886D78-0D60-486F-9041-54627EB15DBD}.Release|Any CPU.Build.0 = Release|Any CPU
	EndGlobalSection
	GlobalSection(SolutionProperties) = preSolution
		HideSolutionNode = FALSE
	EndGlobalSection
	GlobalSection(NestedProjects) = preSolution
		{EF133625-75E1-4B9C-AFD0-08AE2A1233D0} = {02D13C9F-B779-40CB-AB54-DB7D5DA528AF}
		{21D91EF9-F3FE-44D3-A5F0-7FCA22D2C775} = {EF133625-75E1-4B9C-AFD0-08AE2A1233D0}
		{E9735DDA-D3D4-43DF-AF0F-B09E496610C8} = {EF133625-75E1-4B9C-AFD0-08AE2A1233D0}
		{1C39B730-B830-45CA-9D31-99B8D6F922F1} = {21D91EF9-F3FE-44D3-A5F0-7FCA22D2C775}
		{3713D518-A197-44FC-A18D-D7DB14970225} = {E9735DDA-D3D4-43DF-AF0F-B09E496610C8}
		{F9279AC9-5B4E-4597-9E7C-269A5D86AB57} = {3713D518-A197-44FC-A18D-D7DB14970225}
		{65384E47-AEDA-4700-AE7B-01F90B701344} = {E9735DDA-D3D4-43DF-AF0F-B09E496610C8}
		{1A00AB4E-00B4-47E6-B4A6-476700885FD8} = {E9735DDA-D3D4-43DF-AF0F-B09E496610C8}
		{690A07E2-4D6D-4236-9904-77380F5CE03B} = {02D13C9F-B779-40CB-AB54-DB7D5DA528AF}
		{9347B76A-D9FA-459D-8DD2-09E500C667A4} = {690A07E2-4D6D-4236-9904-77380F5CE03B}
		{92C3D3D0-E61A-47A4-B055-11219A74B248} = {9347B76A-D9FA-459D-8DD2-09E500C667A4}
		{C319D610-DB9A-41ED-930D-25AD89813042} = {1150594F-D027-4561-8561-B8E056BEE79B}
		{2F387287-B124-4B05-90BE-9FD1CC7836EC} = {1150594F-D027-4561-8561-B8E056BEE79B}
		{75F88F41-05CD-4319-A896-F8A9091DBC69} = {9347B76A-D9FA-459D-8DD2-09E500C667A4}
		{DB04CF16-9CE3-4299-A9D2-658B5D38E031} = {21D91EF9-F3FE-44D3-A5F0-7FCA22D2C775}
		{58886D78-0D60-486F-9041-54627EB15DBD} = {E9735DDA-D3D4-43DF-AF0F-B09E496610C8}
	EndGlobalSection
	GlobalSection(ExtensibilityGlobals) = postSolution
		SolutionGuid = {BD5C0A23-F05E-410C-BB84-FFFCE4303289}
	EndGlobalSection
EndGlobal
